<?xml version="1.0" encoding="utf-8"?>
<Project ToolsVersion="4.0" xmlns="http://schemas.microsoft.com/developer/msbuild/2003">
  <ItemGroup>
    <Filter Include="Source Files">
      <UniqueIdentifier>{4FC737F1-C7A5-4376-A066-2A32D752A2FF}</UniqueIdentifier>
      <Extensions>cpp;c;cc;cxx;c++;cppm;ixx;def;odl;idl;hpj;bat;asm;asmx</Extensions>
    </Filter>
    <Filter Include="Header Files">
      <UniqueIdentifier>{93995380-89BD-4b04-88EB-625FBE52EBFB}</UniqueIdentifier>
      <Extensions>h;hh;hpp;hxx;h++;hm;inl;inc;ipp;xsd</Extensions>
    </Filter>
    <Filter Include="Header Files\utils">
      <UniqueIdentifier>{844e9c29-76ef-4dfa-be0b-2aafc7ad1f0e}</UniqueIdentifier>
    </Filter>
    <Filter Include="Header Files\features">
      <UniqueIdentifier>{5ef89ec2-c694-4470-b1d2-2a7dc93605b3}</UniqueIdentifier>
    </Filter>
    <Filter Include="Header Files\game">
      <UniqueIdentifier>{99384470-5e29-42eb-9d29-be0063c3694a}</UniqueIdentifier>
    </Filter>
    <Filter Include="Source Files\features">
      <UniqueIdentifier>{5a2ce6d9-2570-485c-911c-f26308ab9c95}</UniqueIdentifier>
    </Filter>
    <Filter Include="Source Files\utils">
      <UniqueIdentifier>{ee1b8dc2-c8d6-44d9-86fe-31e0d5d15f9f}</UniqueIdentifier>
    </Filter>
    <Filter Include="Source Files\game">
      <UniqueIdentifier>{863337e4-8c56-40db-9871-7a732b3a20e3}</UniqueIdentifier>
    </Filter>
    <Filter Include="Header Files\hooks">
      <UniqueIdentifier>{7a6fdb0d-b06e-4e39-aa73-54d2502186ee}</UniqueIdentifier>
    </Filter>
    <Filter Include="Header Files\hooks\baseplayer">
      <UniqueIdentifier>{e2df53a4-6369-4c26-8e4d-4b410ca6611e}</UniqueIdentifier>
    </Filter>
    <Filter Include="Header Files\hooks\performanceui">
      <UniqueIdentifier>{b543191b-9993-4a82-a126-4054c5afe2c8}</UniqueIdentifier>
    </Filter>
    <Filter Include="Header Files\hooks\ddraw">
      <UniqueIdentifier>{8b134599-ae05-4296-a1b4-40582b2e696d}</UniqueIdentifier>
    </Filter>
    <Filter Include="Source Files\Resource Files">
      <UniqueIdentifier>{67DA6AB6-F800-4c08-8B7A-83BB121AAD01}</UniqueIdentifier>
      <Extensions>rc;ico;cur;bmp;dlg;rc2;rct;bin;rgs;gif;jpg;jpeg;jpe;resx;tiff;tif;png;wav;mfcribbon-ms</Extensions>
    </Filter>
  </ItemGroup>
  <ItemGroup>
    <ClCompile Include="source_main.cpp">
      <Filter>Source Files</Filter>
    </ClCompile>
    <ClCompile Include="core\game\offsets.cpp">
      <Filter>Source Files\utils</Filter>
    </ClCompile>
    <ClCompile Include="core\utilities\math.cpp">
      <Filter>Source Files\utils</Filter>
    </ClCompile>
    <ClCompile Include="core\utilities\memory.cpp">
      <Filter>Source Files\utils</Filter>
    </ClCompile>
    <ClCompile Include="core\game\il2cpp.cpp">
      <Filter>Source Files\utils</Filter>
    </ClCompile>
    <ClCompile Include="core\game\sdk.cpp">
      <Filter>Source Files\game</Filter>
    </ClCompile>
    <ClCompile Include="core\features\visuals\esp.cpp">
      <Filter>Source Files\features</Filter>
    </ClCompile>
    <ClCompile Include="core\features\aimbot\aimbot.cpp">
      <Filter>Source Files\features</Filter>
    </ClCompile>
    <ClCompile Include="core\features\aimbot\aimbot_data.cpp">
      <Filter>Source Files</Filter>
    </ClCompile>
    <ClCompile Include="core\features\visuals\world_esp.cpp">
      <Filter>Source Files</Filter>
    </ClCompile>
    <ClCompile Include="core\features\menu\gui_hook.cpp">
      <Filter>Source Files</Filter>
    </ClCompile>
    <ClCompile Include="core\features\menu\framework\gui_framework.cpp">
      <Filter>Source Files</Filter>
    </ClCompile>
    <ClCompile Include="core\features\menu\cfg.cpp">
      <Filter>Source Files</Filter>
    </ClCompile>
    <ClCompile Include="core\features\menu\menu_tabs.cpp">
      <Filter>Source Files</Filter>
    </ClCompile>
    <ClCompile Include="core\game\render\render.cpp">
      <Filter>Source Files</Filter>
    </ClCompile>
  </ItemGroup>
  <ItemGroup>
    <ClInclude Include="core\includes\includes.hpp">
      <Filter>Header Files</Filter>
    </ClInclude>
    <ClInclude Include="core\game\sdk.hpp">
      <Filter>Header Files\game</Filter>
    </ClInclude>
    <ClInclude Include="core\game\offsets.hpp">
      <Filter>Header Files\game</Filter>
    </ClInclude>
    <ClInclude Include="core\game\hooks.hpp">
      <Filter>Header Files\game</Filter>
    </ClInclude>
    <ClInclude Include="core\utilities\xor.hpp">
      <Filter>Header Files\utils</Filter>
    </ClInclude>
    <ClInclude Include="core\game\il2cpp.hpp">
      <Filter>Header Files\utils</Filter>
    </ClInclude>
    <ClInclude Include="core\utilities\lazy_importer.hpp">
      <Filter>Header Files\utils</Filter>
    </ClInclude>
    <ClInclude Include="core\utilities\math.hpp">
      <Filter>Header Files\utils</Filter>
    </ClInclude>
    <ClInclude Include="core\utilities\memory.hpp">
      <Filter>Header Files\utils</Filter>
    </ClInclude>
    <ClInclude Include="core\utilities\returnspoofer.hpp">
      <Filter>Header Files\utils</Filter>
    </ClInclude>
    <ClInclude Include="core\features\menu\framework\gui_framework.h">
      <Filter>Header Files\utils</Filter>
    </ClInclude>
    <ClInclude Include="core\includes\hinclude.h">
      <Filter>Header Files\hooks</Filter>
    </ClInclude>
    <ClInclude Include="core\hooks\player_related.h">
      <Filter>Header Files\hooks\baseplayer</Filter>
    </ClInclude>
    <ClInclude Include="core\features\visuals\esp.h">
      <Filter>Header Files\features</Filter>
    </ClInclude>
    <ClInclude Include="core\features\aimbot\aimbot.h">
      <Filter>Header Files\features</Filter>
    </ClInclude>
    <ClInclude Include="core\hooks\weapon_related.h">
      <Filter>Header Files\hooks\baseplayer</Filter>
    </ClInclude>
    <ClInclude Include="core\features\visuals\world_esp.hpp">
      <Filter>Header Files\hooks\baseplayer</Filter>
    </ClInclude>
    <ClInclude Include="core\features\options.h">
      <Filter>Header Files\features</Filter>
    </ClInclude>
    <ClInclude Include="core\includes\fnv1a.hpp">
      <Filter>Header Files</Filter>
    </ClInclude>
    <ClInclude Include="core\vector\vector2.hpp">
      <Filter>Header Files</Filter>
    </ClInclude>
    <ClInclude Include="core\vector\vector3.hpp">
      <Filter>Header Files</Filter>
    </ClInclude>
    <ClInclude Include="core\vector\vector4.hpp">
      <Filter>Header Files</Filter>
    </ClInclude>
    <ClInclude Include="core\vector\color.hpp">
      <Filter>Header Files</Filter>
    </ClInclude>
    <ClInclude Include="core\game\enums.hpp">
      <Filter>Header Files</Filter>
    </ClInclude>
    <ClInclude Include="core\features\menu\gui_hook.h">
      <Filter>Header Files</Filter>
    </ClInclude>
    <ClInclude Include="core\features\menu\cfg.h">
      <Filter>Header Files</Filter>
    </ClInclude>
    <ClInclude Include="core\features\menu\menu_tabs.h">
      <Filter>Header Files</Filter>
    </ClInclude>
    <ClInclude Include="core\game\render\render.h">
      <Filter>Header Files</Filter>
    </ClInclude>
  </ItemGroup>
</Project>